
Microsoft Visual Studio Solution File, Format Version 12.00
# Visual Studio Version 16
VisualStudioVersion = 16.0.31205.134
MinimumVisualStudioVersion = 10.0.40219.1
Project("{FAE04EC0-301F-11D3-BF4B-00C04F79EFBC}") = "CafeeAFM", "CafeeAFM.csproj", "{69DAA4FE-29A0-47DD-95AE-239636F37E66}"
EndProject
Project("{FAE04EC0-301F-11D3-BF4B-00C04F79EFBC}") = "CafeeAFM_Interfaces", "..\CafeeAFM_Interfaces\CafeeAFM_Interfaces.csproj", "{0E52884C-3AFF-4FD0-9BD5-A129758DAC5A}"
EndProject
Global
	GlobalSection(SolutionConfigurationPlatforms) = preSolution
		Debug|Any CPU = Debug|Any CPU
		Release|Any CPU = Release|Any CPU
	EndGlobalSection
	GlobalSection(ProjectConfigurationPlatforms) = postSolution
		{69DAA4FE-29A0-47DD-95AE-239636F37E66}.Debug|Any CPU.ActiveCfg = Debug|Any CPU
		{69DAA4FE-29A0-47DD-95AE-239636F37E66}.Debug|Any CPU.Build.0 = Debug|Any CPU
		{69DAA4FE-29A0-47DD-95AE-239636F37E66}.Release|Any CPU.ActiveCfg = Release|Any CPU
		{69DAA4FE-29A0-47DD-95AE-239636F37E66}.Release|Any CPU.Build.0 = Release|Any CPU
		{0E52884C-3AFF-4FD0-9BD5-A129758DAC5A}.Debug|Any CPU.ActiveCfg = Debug|Any CPU
		{0E52884C-3AFF-4FD0-9BD5-A129758DAC5A}.Debug|Any CPU.Build.0 = Debug|Any CPU
		{0E52884C-3AFF-4FD0-9BD5-A129758DAC5A}.Release|Any CPU.ActiveCfg = Release|Any CPU
		{0E52884C-3AFF-4FD0-9BD5-A129758DAC5A}.Release|Any CPU.Build.0 = Release|Any CPU
	EndGlobalSection
	GlobalSection(SolutionProperties) = preSolution
		HideSolutionNode = FALSE
	EndGlobalSection
	GlobalSection(ExtensibilityGlobals) = postSolution
		SolutionGuid = {8A723490-D4A4-4E77-8CDB-7ACEC545A82D}
	EndGlobalSection
EndGlobal
